
Microsoft Visual Studio Solution File, Format Version 12.00
# Visual Studio Version 17
VisualStudioVersion = 17.5.33502.453
MinimumVisualStudioVersion = 10.0.40219.1
Project("{FAE04EC0-301F-11D3-BF4B-00C04F79EFBC}") = "csharp-abstract-animals", "csharp-abstract-animals.csproj", "{E489B56D-E259-4A53-A3A3-FF6AC9390087}"
EndProject
Global
	GlobalSection(SolutionConfigurationPlatforms) = preSolution
		Debug|Any CPU = Debug|Any CPU
		Release|Any CPU = Release|Any CPU
	EndGlobalSection
	GlobalSection(ProjectConfigurationPlatforms) = postSolution
		{E489B56D-E259-4A53-A3A3-FF6AC9390087}.Debug|Any CPU.ActiveCfg = Debug|Any CPU
		{E489B56D-E259-4A53-A3A3-FF6AC9390087}.Debug|Any CPU.Build.0 = Debug|Any CPU
		{E489B56D-E259-4A53-A3A3-FF6AC9390087}.Release|Any CPU.ActiveCfg = Release|Any CPU
		{E489B56D-E259-4A53-A3A3-FF6AC9390087}.Release|Any CPU.Build.0 = Release|Any CPU
	EndGlobalSection
	GlobalSection(SolutionProperties) = preSolution
		HideSolutionNode = FALSE
	EndGlobalSection
	GlobalSection(ExtensibilityGlobals) = postSolution
		SolutionGuid = {09EE774E-09FE-4156-B28D-BEAC30FBFA1A}
	EndGlobalSection
EndGlobal
